{
  "name": "ink.kei.arknights",
  "lockfileVersion": 3,
  "requires": true,
  "packages": {
    "": {
      "dependencies": {
        "@myriad-you/tapp-cli": "^0.1.2"
      }
    },
    "node_modules/@myriad-you/tapp-cli": {
      "version": "0.1.2",
      "resolved": "https://registry.npmjs.org/@myriad-you/tapp-cli/-/tapp-cli-0.1.2.tgz",
      "integrity": "sha512-mFnaUcthDBTFXlUv4Ft5NGqsFvjvNeTTBJzPD7knQXB/1SMN8Zn8l8zaTmx709wnlbq+OBWn2/fA/HYnRQhKSg==",
      "license": "GPL-3.0-only",
      "dependencies": {
        "typescript": "^6.0.3"
      },
      "bin": {
        "myriad-tapp": "bin/myriad-tapp.mjs",
        "tapp": "bin/myriad-tapp.mjs",
        "tapp-cli": "bin/myriad-tapp.mjs"
      },
      "engines": {
        "node": ">=20"
      }
    },
    "node_modules/typescript": {
      "version": "6.0.3",
      "resolved": "https://registry.npmjs.org/typescript/-/typescript-6.0.3.tgz",
      "integrity": "sha512-y2TvuxSZPDyQakkFRPZHKFm+KKVqIisdg9/CZwm9ftvKXLP8NRWj38/ODjNbr43SsoXqNuAisEf1GdCxqWcdBw==",
      "license": "Apache-2.0",
      "bin": {
        "tsc": "bin/tsc",
        "tsserver": "bin/tsserver"
      },
      "engines": {
        "node": ">=14.17"
      }
    }
  }
}
